
Microsoft Visual Studio Solution File, Format Version 12.00
# Visual Studio Version 17
VisualStudioVersion = 17.9.34723.18
MinimumVisualStudioVersion = 10.0.40219.1
Project("{8BC9CEB8-8B4A-11D0-8D11-00A0C91BC942}") = "Pointers", "Pointers\Pointers.vcxproj", "{9A2459E8-A72E-4C30-9FE6-ADF78728159D}"
EndProject
Project("{8BC9CEB8-8B4A-11D0-8D11-00A0C91BC942}") = "TransferParameters", "TransferParameters\TransferParameters.vcxproj", "{AC2BA944-23C1-40DF-953C-A4D4E58B0168}"
EndProject
Global
	GlobalSection(SolutionConfigurationPlatforms) = preSolution
		Debug|x64 = Debug|x64
		Debug|x86 = Debug|x86
		Release|x64 = Release|x64
		Release|x86 = Release|x86
	EndGlobalSection
	GlobalSection(ProjectConfigurationPlatforms) = postSolution
		{9A2459E8-A72E-4C30-9FE6-ADF78728159D}.Debug|x64.ActiveCfg = Debug|x64
		{9A2459E8-A72E-4C30-9FE6-ADF78728159D}.Debug|x64.Build.0 = Debug|x64
		{9A2459E8-A72E-4C30-9FE6-ADF78728159D}.Debug|x86.ActiveCfg = Debug|Win32
		{9A2459E8-A72E-4C30-9FE6-ADF78728159D}.Debug|x86.Build.0 = Debug|Win32
		{9A2459E8-A72E-4C30-9FE6-ADF78728159D}.Release|x64.ActiveCfg = Release|x64
		{9A2459E8-A72E-4C30-9FE6-ADF78728159D}.Release|x64.Build.0 = Release|x64
		{9A2459E8-A72E-4C30-9FE6-ADF78728159D}.Release|x86.ActiveCfg = Release|Win32
		{9A2459E8-A72E-4C30-9FE6-ADF78728159D}.Release|x86.Build.0 = Release|Win32
		{AC2BA944-23C1-40DF-953C-A4D4E58B0168}.Debug|x64.ActiveCfg = Debug|x64
		{AC2BA944-23C1-40DF-953C-A4D4E58B0168}.Debug|x64.Build.0 = Debug|x64
		{AC2BA944-23C1-40DF-953C-A4D4E58B0168}.Debug|x86.ActiveCfg = Debug|Win32
		{AC2BA944-23C1-40DF-953C-A4D4E58B0168}.Debug|x86.Build.0 = Debug|Win32
		{AC2BA944-23C1-40DF-953C-A4D4E58B0168}.Release|x64.ActiveCfg = Release|x64
		{AC2BA944-23C1-40DF-953C-A4D4E58B0168}.Release|x64.Build.0 = Release|x64
		{AC2BA944-23C1-40DF-953C-A4D4E58B0168}.Release|x86.ActiveCfg = Release|Win32
		{AC2BA944-23C1-40DF-953C-A4D4E58B0168}.Release|x86.Build.0 = Release|Win32
	EndGlobalSection
	GlobalSection(SolutionProperties) = preSolution
		HideSolutionNode = FALSE
	EndGlobalSection
	GlobalSection(ExtensibilityGlobals) = postSolution
		SolutionGuid = {033FCC0B-E67A-45FC-8FD6-52B2A3C3F69F}
	EndGlobalSection
EndGlobal
